// !$*UTF8*$!
{
	archiveVersion = 1;
	classes = {
	};
	objectVersion = 50;
	objects = {

/* Begin PBXBuildFile section */
		274742EF26CDBAC7004A5B38 /* AppDelegate.swift in Sources */ = {isa = PBXBuildFile; fileRef = 274742EE26CDBAC7004A5B38 /* AppDelegate.swift */; };
		274742F126CDBAC7004A5B38 /* SceneDelegate.swift in Sources */ = {isa = PBXBuildFile; fileRef = 274742F026CDBAC7004A5B38 /* SceneDelegate.swift */; };
		274742F826CDBAD6004A5B38 /* Assets.xcassets in Resources */ = {isa = PBXBuildFile; fileRef = 274742F726CDBAD6004A5B38 /* Assets.xcassets */; };
		274742FB26CDBAD6004A5B38 /* LaunchScreen.storyboard in Resources */ = {isa = PBXBuildFile; fileRef = 274742F926CDBAD6004A5B38 /* LaunchScreen.storyboard */; };
		2747430B26CDBC27004A5B38 /* ViewController.swift in Sources */ = {isa = PBXBuildFile; fileRef = 2747430826CDBC27004A5B38 /* ViewController.swift */; };
		2747430C26CDBC27004A5B38 /* Cell.swift in Sources */ = {isa = PBXBuildFile; fileRef = 2747430926CDBC27004A5B38 /* Cell.swift */; };
		2747430D26CDBC27004A5B38 /* ThreeMM.swift in Sources */ = {isa = PBXBuildFile; fileRef = 2747430A26CDBC27004A5B38 /* ThreeMM.swift */; };
		2747431126CDBC47004A5B38 /* Main.storyboard in Resources */ = {isa = PBXBuildFile; fileRef = 2747430F26CDBC47004A5B38 /* Main.storyboard */; };
		279B3EEE26D428FE00766F8B /* RulesViewController.swift in Sources */ = {isa = PBXBuildFile; fileRef = 279B3EED26D428FC00766F8B /* RulesViewController.swift */; };
/* End PBXBuildFile section */

/* Begin PBXFileReference section */
		274742EB26CDBAC7004A5B38 /* 3MM.app */ = {isa = PBXFileReference; explicitFileType = wrapper.application; includeInIndex = 0; path = 3MM.app; sourceTree = BUILT_PRODUCTS_DIR; };
		274742EE26CDBAC7004A5B38 /* AppDelegate.swift */ = {isa = PBXFileReference; lastKnownFileType = sourcecode.swift; path = AppDelegate.swift; sourceTree = "<group>"; };
		274742F026CDBAC7004A5B38 /* SceneDelegate.swift */ = {isa = PBXFileReference; lastKnownFileType = sourcecode.swift; path = SceneDelegate.swift; sourceTree = "<group>"; };
		274742F726CDBAD6004A5B38 /* Assets.xcassets */ = {isa = PBXFileReference; lastKnownFileType = folder.assetcatalog; path = Assets.xcassets; sourceTree = "<group>"; };
		274742FA26CDBAD6004A5B38 /* Base */ = {isa = PBXFileReference; lastKnownFileType = file.storyboard; name = Base; path = Base.lproj/LaunchScreen.storyboard; sourceTree = "<group>"; };
		274742FC26CDBAD6004A5B38 /* Info.plist */ = {isa = PBXFileReference; lastKnownFileType = text.plist.xml; path = Info.plist; sourceTree = "<group>"; };
		2747430826CDBC27004A5B38 /* ViewController.swift */ = {isa = PBXFileReference; fileEncoding = 4; lastKnownFileType = sourcecode.swift; path = ViewController.swift; sourceTree = "<group>"; };
		2747430926CDBC27004A5B38 /* Cell.swift */ = {isa = PBXFileReference; fileEncoding = 4; lastKnownFileType = sourcecode.swift; path = Cell.swift; sourceTree = "<group>"; };
		2747430A26CDBC27004A5B38 /* ThreeMM.swift */ = {isa = PBXFileReference; fileEncoding = 4; lastKnownFileType = sourcecode.swift; path = ThreeMM.swift; sourceTree = "<group>"; };
		2747431026CDBC47004A5B38 /* Base */ = {isa = PBXFileReference; lastKnownFileType = file.storyboard; name = Base; path = Base.lproj/Main.storyboard; sourceTree = "<group>"; };
		279B3EED26D428FC00766F8B /* RulesViewController.swift */ = {isa = PBXFileReference; lastKnownFileType = sourcecode.swift; path = RulesViewController.swift; sourceTree = "<group>"; };
/* End PBXFileReference section */

/* Begin PBXFrameworksBuildPhase section */
		274742E826CDBAC7004A5B38 /* Frameworks */ = {
			isa = PBXFrameworksBuildPhase;
			buildActionMask = 2147483647;
			files = (
			);
			runOnlyForDeploymentPostprocessing = 0;
		};
/* End PBXFrameworksBuildPhase section */

/* Begin PBXGroup section */
		274742E226CDBAC7004A5B38 = {
			isa = PBXGroup;
			children = (
				274742ED26CDBAC7004A5B38 /* ThreeMM */,
				274742EC26CDBAC7004A5B38 /* Products */,
			);
			sourceTree = "<group>";
		};
		274742EC26CDBAC7004A5B38 /* Products */ = {
			isa = PBXGroup;
			children = (
				274742EB26CDBAC7004A5B38 /* 3MM.app */,
			);
			name = Products;
			sourceTree = "<group>";
		};
		274742ED26CDBAC7004A5B38 /* ThreeMM */ = {
			isa = PBXGroup;
			children = (
				2747430926CDBC27004A5B38 /* Cell.swift */,
				2747430A26CDBC27004A5B38 /* ThreeMM.swift */,
				2747430826CDBC27004A5B38 /* ViewController.swift */,
				2747430F26CDBC47004A5B38 /* Main.storyboard */,
				279B3EED26D428FC00766F8B /* RulesViewController.swift */,
				2747430326CDBB0A004A5B38 /* Supporting Files */,
				274742F726CDBAD6004A5B38 /* Assets.xcassets */,
				274742FC26CDBAD6004A5B38 /* Info.plist */,
			);
			path = ThreeMM;
			sourceTree = "<group>";
		};
		2747430326CDBB0A004A5B38 /* Supporting Files */ = {
			isa = PBXGroup;
			children = (
				274742EE26CDBAC7004A5B38 /* AppDelegate.swift */,
				274742F026CDBAC7004A5B38 /* SceneDelegate.swift */,
				274742F926CDBAD6004A5B38 /* LaunchScreen.storyboard */,
			);
			path = "Supporting Files";
			sourceTree = "<group>";
		};
/* End PBXGroup section */

/* Begin PBXNativeTarget section */
		274742EA26CDBAC7004A5B38 /* 3MM */ = {
			isa = PBXNativeTarget;
			buildConfigurationList = 274742FF26CDBAD7004A5B38 /* Build configuration list for PBXNativeTarget "3MM" */;
			buildPhases = (
				274742E726CDBAC7004A5B38 /* Sources */,
				274742E826CDBAC7004A5B38 /* Frameworks */,
				274742E926CDBAC7004A5B38 /* Resources */,
			);
			buildRules = (
			);
			dependencies = (
			);
			name = 3MM;
			productName = "Simple TicTacToe";
			productReference = 274742EB26CDBAC7004A5B38 /* 3MM.app */;
			productType = "com.apple.product-type.application";
		};
/* End PBXNativeTarget section */

/* Begin PBXProject section */
		274742E326CDBAC7004A5B38 /* Project object */ = {
			isa = PBXProject;
			attributes = {
				LastSwiftUpdateCheck = 1240;
				LastUpgradeCheck = 1240;
				TargetAttributes = {
					274742EA26CDBAC7004A5B38 = {
						CreatedOnToolsVersion = 12.4;
					};
				};
			};
			buildConfigurationList = 274742E626CDBAC7004A5B38 /* Build configuration list for PBXProject "3MM" */;
			compatibilityVersion = "Xcode 9.3";
			developmentRegion = en;
			hasScannedForEncodings = 0;
			knownRegions = (
				en,
				Base,
			);
			mainGroup = 274742E226CDBAC7004A5B38;
			productRefGroup = 274742EC26CDBAC7004A5B38 /* Products */;
			projectDirPath = "";
			projectRoot = "";
			targets = (
				274742EA26CDBAC7004A5B38 /* 3MM */,
			);
		};
/* End PBXProject section */

/* Begin PBXResourcesBuildPhase section */
		274742E926CDBAC7004A5B38 /* Resources */ = {
			isa = PBXResourcesBuildPhase;
			buildActionMask = 2147483647;
			files = (
				2747431126CDBC47004A5B38 /* Main.storyboard in Resources */,
				274742FB26CDBAD6004A5B38 /* LaunchScreen.storyboard in Resources */,
				274742F826CDBAD6004A5B38 /* Assets.xcassets in Resources */,
			);
			runOnlyForDeploymentPostprocessing = 0;
		};
/* End PBXResourcesBuildPhase section */

/* Begin PBXSourcesBuildPhase section */
		274742E726CDBAC7004A5B38 /* Sources */ = {
			isa = PBXSourcesBuildPhase;
			buildActionMask = 2147483647;
			files = (
				2747430B26CDBC27004A5B38 /* ViewController.swift in Sources */,
				2747430C26CDBC27004A5B38 /* Cell.swift in Sources */,
				274742EF26CDBAC7004A5B38 /* AppDelegate.swift in Sources */,
				274742F126CDBAC7004A5B38 /* SceneDelegate.swift in Sources */,
				279B3EEE26D428FE00766F8B /* RulesViewController.swift in Sources */,
				2747430D26CDBC27004A5B38 /* ThreeMM.swift in Sources */,
			);
			runOnlyForDeploymentPostprocessing = 0;
		};
/* End PBXSourcesBuildPhase section */

/* Begin PBXVariantGroup section */
		274742F926CDBAD6004A5B38 /* LaunchScreen.storyboard */ = {
			isa = PBXVariantGroup;
			children = (
				274742FA26CDBAD6004A5B38 /* Base */,
			);
			name = LaunchScreen.storyboard;
			sourceTree = "<group>";
		};
		2747430F26CDBC47004A5B38 /* Main.storyboard */ = {
			isa = PBXVariantGroup;
			children = (
				2747431026CDBC47004A5B38 /* Base */,
			);
			name = Main.storyboard;
			sourceTree = "<group>";
		};
/* End PBXVariantGroup section */

/* Begin XCBuildConfiguration section */
		274742FD26CDBAD6004A5B38 /* Debug */ = {
			isa = XCBuildConfiguration;
			buildSettings = {
				ALWAYS_SEARCH_USER_PATHS = NO;
				CLANG_ANALYZER_NONNULL = YES;
				CLANG_ANALYZER_NUMBER_OBJECT_CONVERSION = YES_AGGRESSIVE;
				CLANG_CXX_LANGUAGE_STANDARD = "gnu++14";
				CLANG_CXX_LIBRARY = "libc++";
				CLANG_ENABLE_MODULES = YES;
				CLANG_ENABLE_OBJC_ARC = YES;
				CLANG_ENABLE_OBJC_WEAK = YES;
				CLANG_WARN_BLOCK_CAPTURE_AUTORELEASING = YES;
				CLANG_WARN_BOOL_CONVERSION = YES;
				CLANG_WARN_COMMA = YES;
				CLANG_WARN_CONSTANT_CONVERSION = YES;
				CLANG_WARN_DEPRECATED_OBJC_IMPLEMENTATIONS = YES;
				CLANG_WARN_DIRECT_OBJC_ISA_USAGE = YES_ERROR;
				CLANG_WARN_DOCUMENTATION_COMMENTS = YES;
				CLANG_WARN_EMPTY_BODY = YES;
				CLANG_WARN_ENUM_CONVERSION = YES;
				CLANG_WARN_INFINITE_RECURSION = YES;
				CLANG_WARN_INT_CONVERSION = YES;
				CLANG_WARN_NON_LITERAL_NULL_CONVERSION = YES;
				CLANG_WARN_OBJC_IMPLICIT_RETAIN_SELF = YES;
				CLANG_WARN_OBJC_LITERAL_CONVERSION = YES;
				CLANG_WARN_OBJC_ROOT_CLASS = YES_ERROR;
				CLANG_WARN_QUOTED_INCLUDE_IN_FRAMEWORK_HEADER = YES;
				CLANG_WARN_RANGE_LOOP_ANALYSIS = YES;
				CLANG_WARN_STRICT_PROTOTYPES = YES;
				CLANG_WARN_SUSPICIOUS_MOVE = YES;
				CLANG_WARN_UNGUARDED_AVAILABILITY = YES_AGGRESSIVE;
				CLANG_WARN_UNREACHABLE_CODE = YES;
				CLANG_WARN__DUPLICATE_METHOD_MATCH = YES;
				COPY_PHASE_STRIP = NO;
				DEBUG_INFORMATION_FORMAT = dwarf;
				ENABLE_STRICT_OBJC_MSGSEND = YES;
				ENABLE_TESTABILITY = YES;
				GCC_C_LANGUAGE_STANDARD = gnu11;
				GCC_DYNAMIC_NO_PIC = NO;
				GCC_NO_COMMON_BLOCKS = YES;
				GCC_OPTIMIZATION_LEVEL = 0;
				GCC_PREPROCESSOR_DEFINITIONS = (
					"DEBUG=1",
					"$(inherited)",
				);
				GCC_WARN_64_TO_32_BIT_CONVERSION = YES;
				GCC_WARN_ABOUT_RETURN_TYPE = YES_ERROR;
				GCC_WARN_UNDECLARED_SELECTOR = YES;
				GCC_WARN_UNINITIALIZED_AUTOS = YES_AGGRESSIVE;
				GCC_WARN_UNUSED_FUNCTION = YES;
				GCC_WARN_UNUSED_VARIABLE = YES;
				IPHONEOS_DEPLOYMENT_TARGET = 13.2;
				MTL_ENABLE_DEBUG_INFO = INCLUDE_SOURCE;
				MTL_FAST_MATH = YES;
				ONLY_ACTIVE_ARCH = YES;
				SDKROOT = iphoneos;
				SWIFT_ACTIVE_COMPILATION_CONDITIONS = DEBUG;
				SWIFT_OPTIMIZATION_LEVEL = "-Onone";
			};
			name = Debug;
		};
		274742FE26CDBAD7004A5B38 /* Release */ = {
			isa = XCBuildConfiguration;
			buildSettings = {
				ALWAYS_SEARCH_USER_PATHS = NO;
				CLANG_ANALYZER_NONNULL = YES;
				CLANG_ANALYZER_NUMBER_OBJECT_CONVERSION = YES_AGGRESSIVE;
				CLANG_CXX_LANGUAGE_STANDARD = "gnu++14";
				CLANG_CXX_LIBRARY = "libc++";
				CLANG_ENABLE_MODULES = YES;
				CLANG_ENABLE_OBJC_ARC = YES;
				CLANG_ENABLE_OBJC_WEAK = YES;
				CLANG_WARN_BLOCK_CAPTURE_AUTORELEASING = YES;
				CLANG_WARN_BOOL_CONVERSION = YES;
				CLANG_WARN_COMMA = YES;
				CLANG_WARN_CONSTANT_CONVERSION = YES;
				CLANG_WARN_DEPRECATED_OBJC_IMPLEMENTATIONS = YES;
				CLANG_WARN_DIRECT_OBJC_ISA_USAGE = YES_ERROR;
				CLANG_WARN_DOCUMENTATION_COMMENTS = YES;
				CLANG_WARN_EMPTY_BODY = YES;
				CLANG_WARN_ENUM_CONVERSION = YES;
				CLANG_WARN_INFINITE_RECURSION = YES;
				CLANG_WARN_INT_CONVERSION = YES;
				CLANG_WARN_NON_LITERAL_NULL_CONVERSION = YES;
				CLANG_WARN_OBJC_IMPLICIT_RETAIN_SELF = YES;
				CLANG_WARN_OBJC_LITERAL_CONVERSION = YES;
				CLANG_WARN_OBJC_ROOT_CLASS = YES_ERROR;
				CLANG_WARN_QUOTED_INCLUDE_IN_FRAMEWORK_HEADER = YES;
				CLANG_WARN_RANGE_LOOP_ANALYSIS = YES;
				CLANG_WARN_STRICT_PROTOTYPES = YES;
				CLANG_WARN_SUSPICIOUS_MOVE = YES;
				CLANG_WARN_UNGUARDED_AVAILABILITY = YES_AGGRESSIVE;
				CLANG_WARN_UNREACHABLE_CODE = YES;
				CLANG_WARN__DUPLICATE_METHOD_MATCH = YES;
				COPY_PHASE_STRIP = NO;
				DEBUG_INFORMATION_FORMAT = "dwarf-with-dsym";
				ENABLE_NS_ASSERTIONS = NO;
				ENABLE_STRICT_OBJC_MSGSEND = YES;
				GCC_C_LANGUAGE_STANDARD = gnu11;
				GCC_NO_COMMON_BLOCKS = YES;
				GCC_WARN_64_TO_32_BIT_CONVERSION = YES;
				GCC_WARN_ABOUT_RETURN_TYPE = YES_ERROR;
				GCC_WARN_UNDECLARED_SELECTOR = YES;
				GCC_WARN_UNINITIALIZED_AUTOS = YES_AGGRESSIVE;
				GCC_WARN_UNUSED_FUNCTION = YES;
				GCC_WARN_UNUSED_VARIABLE = YES;
				IPHONEOS_DEPLOYMENT_TARGET = 13.2;
				MTL_ENABLE_DEBUG_INFO = NO;
				MTL_FAST_MATH = YES;
				SDKROOT = iphoneos;
				SWIFT_COMPILATION_MODE = wholemodule;
				SWIFT_OPTIMIZATION_LEVEL = "-O";
				VALIDATE_PRODUCT = YES;
			};
			name = Release;
		};
		2747430026CDBAD7004A5B38 /* Debug */ = {
			isa = XCBuildConfiguration;
			buildSettings = {
				ASSETCATALOG_COMPILER_APPICON_NAME = AppIcon;
				ASSETCATALOG_COMPILER_GLOBAL_ACCENT_COLOR_NAME = AccentColor;
				CODE_SIGN_STYLE = Automatic;
				CURRENT_PROJECT_VERSION = 2;
				DEVELOPMENT_TEAM = 3358LFT65J;
				INFOPLIST_FILE = "$(SRCROOT)/ThreeMM/Info.plist";
				LD_RUNPATH_SEARCH_PATHS = (
					"$(inherited)",
					"@executable_path/Frameworks",
				);
				MARKETING_VERSION = 1.0;
				PRODUCT_BUNDLE_IDENTIFIER = com.Sina.3MM;
				PRODUCT_NAME = "$(TARGET_NAME)";
				SWIFT_VERSION = 5.0;
				TARGETED_DEVICE_FAMILY = "1,2";
			};
			name = Debug;
		};
		2747430126CDBAD7004A5B38 /* Release */ = {
			isa = XCBuildConfiguration;
			buildSettings = {
				ASSETCATALOG_COMPILER_APPICON_NAME = AppIcon;
				ASSETCATALOG_COMPILER_GLOBAL_ACCENT_COLOR_NAME = AccentColor;
				CODE_SIGN_STYLE = Automatic;
				CURRENT_PROJECT_VERSION = 2;
				DEVELOPMENT_TEAM = 3358LFT65J;
				INFOPLIST_FILE = "$(SRCROOT)/ThreeMM/Info.plist";
				LD_RUNPATH_SEARCH_PATHS = (
					"$(inherited)",
					"@executable_path/Frameworks",
				);
				MARKETING_VERSION = 1.0;
				PRODUCT_BUNDLE_IDENTIFIER = com.Sina.3MM;
				PRODUCT_NAME = "$(TARGET_NAME)";
				SWIFT_VERSION = 5.0;
				TARGETED_DEVICE_FAMILY = "1,2";
			};
			name = Release;
		};
/* End XCBuildConfiguration section */

/* Begin XCConfigurationList section */
		274742E626CDBAC7004A5B38 /* Build configuration list for PBXProject "3MM" */ = {
			isa = XCConfigurationList;
			buildConfigurations = (
				274742FD26CDBAD6004A5B38 /* Debug */,
				274742FE26CDBAD7004A5B38 /* Release */,
			);
			defaultConfigurationIsVisible = 0;
			defaultConfigurationName = Release;
		};
		274742FF26CDBAD7004A5B38 /* Build configuration list for PBXNativeTarget "3MM" */ = {
			isa = XCConfigurationList;
			buildConfigurations = (
				2747430026CDBAD7004A5B38 /* Debug */,
				2747430126CDBAD7004A5B38 /* Release */,
			);
			defaultConfigurationIsVisible = 0;
			defaultConfigurationName = Release;
		};
/* End XCConfigurationList section */
	};
	rootObject = 274742E326CDBAC7004A5B38 /* Project object */;
}
